
Microsoft Visual Studio Solution File, Format Version 12.00
# Visual Studio Version 16
VisualStudioVersion = 16.0.29102.190
MinimumVisualStudioVersion = 10.0.40219.1
Project("{FAE04EC0-301F-11D3-BF4B-00C04F79EFBC}") = "DaySystem", "DaySystem\DaySystem.csproj", "{BB9A43D9-429D-44A8-B418-5279F617D09F}"
EndProject
Global
	GlobalSection(SolutionConfigurationPlatforms) = preSolution
		Debug|Any CPU = Debug|Any CPU
		Release|Any CPU = Release|Any CPU
	EndGlobalSection
	GlobalSection(ProjectConfigurationPlatforms) = postSolution
		{BB9A43D9-429D-44A8-B418-5279F617D09F}.Debug|Any CPU.ActiveCfg = Debug|Any CPU
		{BB9A43D9-429D-44A8-B418-5279F617D09F}.Debug|Any CPU.Build.0 = Debug|Any CPU
		{BB9A43D9-429D-44A8-B418-5279F617D09F}.Release|Any CPU.ActiveCfg = Release|Any CPU
		{BB9A43D9-429D-44A8-B418-5279F617D09F}.Release|Any CPU.Build.0 = Release|Any CPU
	EndGlobalSection
	GlobalSection(SolutionProperties) = preSolution
		HideSolutionNode = FALSE
	EndGlobalSection
	GlobalSection(ExtensibilityGlobals) = postSolution
		SolutionGuid = {0CE705E1-34DC-45D9-ABF4-6DD55FCC9D98}
	EndGlobalSection
EndGlobal
